// !$*UTF8*$!
{
	archiveVersion = 1;
	classes = {
	};
	objectVersion = 51;
	objects = {

/* Begin PBXBuildFile section */
		2500D0C924ACD40B006EE185 /* AppDelegate.swift in Sources */ = {isa = PBXBuildFile; fileRef = 2500D0C824ACD40B006EE185 /* AppDelegate.swift */; };
		2500D0CB24ACD40B006EE185 /* SceneDelegate.swift in Sources */ = {isa = PBXBuildFile; fileRef = 2500D0CA24ACD40B006EE185 /* SceneDelegate.swift */; };
		2500D0CD24ACD40B006EE185 /* SearchViewController.swift in Sources */ = {isa = PBXBuildFile; fileRef = 2500D0CC24ACD40B006EE185 /* SearchViewController.swift */; };
		2500D0D024ACD40B006EE185 /* Main.storyboard in Resources */ = {isa = PBXBuildFile; fileRef = 2500D0CE24ACD40B006EE185 /* Main.storyboard */; };
		2500D0D224ACD40F006EE185 /* Assets.xcassets in Resources */ = {isa = PBXBuildFile; fileRef = 2500D0D124ACD40F006EE185 /* Assets.xcassets */; };
		2500D0D524ACD40F006EE185 /* LaunchScreen.storyboard in Resources */ = {isa = PBXBuildFile; fileRef = 2500D0D324ACD40F006EE185 /* LaunchScreen.storyboard */; };
		2500D0E024ACD40F006EE185 /* ImageSearchTests.swift in Sources */ = {isa = PBXBuildFile; fileRef = 2500D0DF24ACD40F006EE185 /* ImageSearchTests.swift */; };
		2500D0EB24ACD40F006EE185 /* ImageSearchUITests.swift in Sources */ = {isa = PBXBuildFile; fileRef = 2500D0EA24ACD40F006EE185 /* ImageSearchUITests.swift */; };
		2500D0FA24AD8144006EE185 /* ImageCollectionViewCell.swift in Sources */ = {isa = PBXBuildFile; fileRef = 2500D0F824AD8144006EE185 /* ImageCollectionViewCell.swift */; };
		2500D0FB24AD8144006EE185 /* ImageCollectionViewCell.xib in Resources */ = {isa = PBXBuildFile; fileRef = 2500D0F924AD8144006EE185 /* ImageCollectionViewCell.xib */; };
		2500D0FD24AD8306006EE185 /* SearchResult.swift in Sources */ = {isa = PBXBuildFile; fileRef = 2500D0FC24AD8306006EE185 /* SearchResult.swift */; };
		25F9331924AF3AC10079D976 /* SearchViewModel.swift in Sources */ = {isa = PBXBuildFile; fileRef = 25F9331824AF3AC10079D976 /* SearchViewModel.swift */; };
		25F9331B24B0C4370079D976 /* Dynamic.swift in Sources */ = {isa = PBXBuildFile; fileRef = 25F9331A24B0C4370079D976 /* Dynamic.swift */; };
		25F9331D24B183E80079D976 /* WebImageDownloader.swift in Sources */ = {isa = PBXBuildFile; fileRef = 25F9331C24B183E80079D976 /* WebImageDownloader.swift */; };
		3D7221406227279CF90F6A7C /* Pods_ImageSearchTests.framework in Frameworks */ = {isa = PBXBuildFile; fileRef = D6D1F309FABD74964A3012E5 /* Pods_ImageSearchTests.framework */; };
		987942B71C8EE053DBCE3FB7 /* Pods_ImageSearch_ImageSearchUITests.framework in Frameworks */ = {isa = PBXBuildFile; fileRef = AD39050C3838E6CFA26133BD /* Pods_ImageSearch_ImageSearchUITests.framework */; };
		CE70C01024B45D86004C2C3D /* Observer.swift in Sources */ = {isa = PBXBuildFile; fileRef = CE70C00F24B45D86004C2C3D /* Observer.swift */; };
		CE70C01424B46706004C2C3D /* ViewModel.swift in Sources */ = {isa = PBXBuildFile; fileRef = CE70C01324B46706004C2C3D /* ViewModel.swift */; };
		CE70C01624B58483004C2C3D /* View.swift in Sources */ = {isa = PBXBuildFile; fileRef = CE70C01524B58483004C2C3D /* View.swift */; };
		CE7F22F024BBE9C200B01557 /* SearchHistoryView.swift in Sources */ = {isa = PBXBuildFile; fileRef = CE7F22EF24BBE9C200B01557 /* SearchHistoryView.swift */; };
		CE7F22F824BC82D900B01557 /* HistoryTableViewCell.swift in Sources */ = {isa = PBXBuildFile; fileRef = CE7F22F624BC82D900B01557 /* HistoryTableViewCell.swift */; };
		CE7F22F924BC82D900B01557 /* HistoryTableViewCell.xib in Resources */ = {isa = PBXBuildFile; fileRef = CE7F22F724BC82D900B01557 /* HistoryTableViewCell.xib */; };
		CE7F22FB24BC89E100B01557 /* HistoryDBManager.swift in Sources */ = {isa = PBXBuildFile; fileRef = CE7F22FA24BC89E100B01557 /* HistoryDBManager.swift */; };
		CE7F22FD24BC8C4700B01557 /* SearchHistoryModel.swift in Sources */ = {isa = PBXBuildFile; fileRef = CE7F22FC24BC8C4700B01557 /* SearchHistoryModel.swift */; };
		CE7F22FF24BD346900B01557 /* SearchHistoryViewModel.swift in Sources */ = {isa = PBXBuildFile; fileRef = CE7F22FE24BD346900B01557 /* SearchHistoryViewModel.swift */; };
		CE7F233124C1EE7C00B01557 /* SettingViewController.swift in Sources */ = {isa = PBXBuildFile; fileRef = CE7F233024C1EE7B00B01557 /* SettingViewController.swift */; };
		CE7F233324C2914000B01557 /* SettingViewModel.swift in Sources */ = {isa = PBXBuildFile; fileRef = CE7F233224C2914000B01557 /* SettingViewModel.swift */; };
		CE7F233624C2942700B01557 /* SettingSwitchCell.swift in Sources */ = {isa = PBXBuildFile; fileRef = CE7F233424C2942700B01557 /* SettingSwitchCell.swift */; };
		CE7F233724C2942700B01557 /* SettingSwitchCell.xib in Resources */ = {isa = PBXBuildFile; fileRef = CE7F233524C2942700B01557 /* SettingSwitchCell.xib */; };
		CE7F233924C2B9D200B01557 /* SectionExposeInfo.swift in Sources */ = {isa = PBXBuildFile; fileRef = CE7F233824C2B9D100B01557 /* SectionExposeInfo.swift */; };
		CE7F233B24C2BA5700B01557 /* SettingSwitchCellViewModel.swift in Sources */ = {isa = PBXBuildFile; fileRef = CE7F233A24C2BA5700B01557 /* SettingSwitchCellViewModel.swift */; };
		CE7F234C24C5724600B01557 /* DiskCache.swift in Sources */ = {isa = PBXBuildFile; fileRef = CE7F234B24C5724600B01557 /* DiskCache.swift */; };
		DB941BB774557E3AC8777CF6 /* Pods_ImageSearch.framework in Frameworks */ = {isa = PBXBuildFile; fileRef = 7C1D2DADCC1CE2970806078A /* Pods_ImageSearch.framework */; };
/* End PBXBuildFile section */

/* Begin PBXContainerItemProxy section */
		2500D0DC24ACD40F006EE185 /* PBXContainerItemProxy */ = {
			isa = PBXContainerItemProxy;
			containerPortal = 2500D0BD24ACD40B006EE185 /* Project object */;
			proxyType = 1;
			remoteGlobalIDString = 2500D0C424ACD40B006EE185;
			remoteInfo = ImageSearch;
		};
		2500D0E724ACD40F006EE185 /* PBXContainerItemProxy */ = {
			isa = PBXContainerItemProxy;
			containerPortal = 2500D0BD24ACD40B006EE185 /* Project object */;
			proxyType = 1;
			remoteGlobalIDString = 2500D0C424ACD40B006EE185;
			remoteInfo = ImageSearch;
		};
/* End PBXContainerItemProxy section */

/* Begin PBXFileReference section */
		20AA3FBFCEE9E72B3FA198A6 /* Pods-ImageSearchTests.debug.xcconfig */ = {isa = PBXFileReference; includeInIndex = 1; lastKnownFileType = text.xcconfig; name = "Pods-ImageSearchTests.debug.xcconfig"; path = "Target Support Files/Pods-ImageSearchTests/Pods-ImageSearchTests.debug.xcconfig"; sourceTree = "<group>"; };
		2500D0C524ACD40B006EE185 /* ImageSearch.app */ = {isa = PBXFileReference; explicitFileType = wrapper.application; includeInIndex = 0; path = ImageSearch.app; sourceTree = BUILT_PRODUCTS_DIR; };
		2500D0C824ACD40B006EE185 /* AppDelegate.swift */ = {isa = PBXFileReference; lastKnownFileType = sourcecode.swift; path = AppDelegate.swift; sourceTree = "<group>"; };
		2500D0CA24ACD40B006EE185 /* SceneDelegate.swift */ = {isa = PBXFileReference; lastKnownFileType = sourcecode.swift; path = SceneDelegate.swift; sourceTree = "<group>"; };
		2500D0CC24ACD40B006EE185 /* SearchViewController.swift */ = {isa = PBXFileReference; lastKnownFileType = sourcecode.swift; path = SearchViewController.swift; sourceTree = "<group>"; };
		2500D0CF24ACD40B006EE185 /* Base */ = {isa = PBXFileReference; lastKnownFileType = file.storyboard; name = Base; path = Base.lproj/Main.storyboard; sourceTree = "<group>"; };
		2500D0D124ACD40F006EE185 /* Assets.xcassets */ = {isa = PBXFileReference; lastKnownFileType = folder.assetcatalog; path = Assets.xcassets; sourceTree = "<group>"; };
		2500D0D424ACD40F006EE185 /* Base */ = {isa = PBXFileReference; lastKnownFileType = file.storyboard; name = Base; path = Base.lproj/LaunchScreen.storyboard; sourceTree = "<group>"; };
		2500D0D624ACD40F006EE185 /* Info.plist */ = {isa = PBXFileReference; lastKnownFileType = text.plist.xml; path = Info.plist; sourceTree = "<group>"; };
		2500D0DB24ACD40F006EE185 /* ImageSearchTests.xctest */ = {isa = PBXFileReference; explicitFileType = wrapper.cfbundle; includeInIndex = 0; path = ImageSearchTests.xctest; sourceTree = BUILT_PRODUCTS_DIR; };
		2500D0DF24ACD40F006EE185 /* ImageSearchTests.swift */ = {isa = PBXFileReference; lastKnownFileType = sourcecode.swift; path = ImageSearchTests.swift; sourceTree = "<group>"; };
		2500D0E124ACD40F006EE185 /* Info.plist */ = {isa = PBXFileReference; lastKnownFileType = text.plist.xml; path = Info.plist; sourceTree = "<group>"; };
		2500D0E624ACD40F006EE185 /* ImageSearchUITests.xctest */ = {isa = PBXFileReference; explicitFileType = wrapper.cfbundle; includeInIndex = 0; path = ImageSearchUITests.xctest; sourceTree = BUILT_PRODUCTS_DIR; };
		2500D0EA24ACD40F006EE185 /* ImageSearchUITests.swift */ = {isa = PBXFileReference; lastKnownFileType = sourcecode.swift; path = ImageSearchUITests.swift; sourceTree = "<group>"; };
		2500D0EC24ACD40F006EE185 /* Info.plist */ = {isa = PBXFileReference; lastKnownFileType = text.plist.xml; path = Info.plist; sourceTree = "<group>"; };
		2500D0F824AD8144006EE185 /* ImageCollectionViewCell.swift */ = {isa = PBXFileReference; lastKnownFileType = sourcecode.swift; path = ImageCollectionViewCell.swift; sourceTree = "<group>"; };
		2500D0F924AD8144006EE185 /* ImageCollectionViewCell.xib */ = {isa = PBXFileReference; lastKnownFileType = file.xib; path = ImageCollectionViewCell.xib; sourceTree = "<group>"; };
		2500D0FC24AD8306006EE185 /* SearchResult.swift */ = {isa = PBXFileReference; lastKnownFileType = sourcecode.swift; path = SearchResult.swift; sourceTree = "<group>"; };
		25F9331824AF3AC10079D976 /* SearchViewModel.swift */ = {isa = PBXFileReference; lastKnownFileType = sourcecode.swift; path = SearchViewModel.swift; sourceTree = "<group>"; };
		25F9331A24B0C4370079D976 /* Dynamic.swift */ = {isa = PBXFileReference; lastKnownFileType = sourcecode.swift; path = Dynamic.swift; sourceTree = "<group>"; };
		25F9331C24B183E80079D976 /* WebImageDownloader.swift */ = {isa = PBXFileReference; lastKnownFileType = sourcecode.swift; path = WebImageDownloader.swift; sourceTree = "<group>"; };
		32B73C7DC47C8DEF39C9BC00 /* Pods-ImageSearchTests.release.xcconfig */ = {isa = PBXFileReference; includeInIndex = 1; lastKnownFileType = text.xcconfig; name = "Pods-ImageSearchTests.release.xcconfig"; path = "Target Support Files/Pods-ImageSearchTests/Pods-ImageSearchTests.release.xcconfig"; sourceTree = "<group>"; };
		558D5D224CA614366DC0FB69 /* Pods-ImageSearch-ImageSearchUITests.debug.xcconfig */ = {isa = PBXFileReference; includeInIndex = 1; lastKnownFileType = text.xcconfig; name = "Pods-ImageSearch-ImageSearchUITests.debug.xcconfig"; path = "Target Support Files/Pods-ImageSearch-ImageSearchUITests/Pods-ImageSearch-ImageSearchUITests.debug.xcconfig"; sourceTree = "<group>"; };
		5DB326CE163291BF82E91B7B /* Pods-ImageSearch-ImageSearchUITests.release.xcconfig */ = {isa = PBXFileReference; includeInIndex = 1; lastKnownFileType = text.xcconfig; name = "Pods-ImageSearch-ImageSearchUITests.release.xcconfig"; path = "Target Support Files/Pods-ImageSearch-ImageSearchUITests/Pods-ImageSearch-ImageSearchUITests.release.xcconfig"; sourceTree = "<group>"; };
		7C1D2DADCC1CE2970806078A /* Pods_ImageSearch.framework */ = {isa = PBXFileReference; explicitFileType = wrapper.framework; includeInIndex = 0; path = Pods_ImageSearch.framework; sourceTree = BUILT_PRODUCTS_DIR; };
		AD39050C3838E6CFA26133BD /* Pods_ImageSearch_ImageSearchUITests.framework */ = {isa = PBXFileReference; explicitFileType = wrapper.framework; includeInIndex = 0; path = Pods_ImageSearch_ImageSearchUITests.framework; sourceTree = BUILT_PRODUCTS_DIR; };
		CE70C00F24B45D86004C2C3D /* Observer.swift */ = {isa = PBXFileReference; lastKnownFileType = sourcecode.swift; path = Observer.swift; sourceTree = "<group>"; };
		CE70C01324B46706004C2C3D /* ViewModel.swift */ = {isa = PBXFileReference; lastKnownFileType = sourcecode.swift; path = ViewModel.swift; sourceTree = "<group>"; };
		CE70C01524B58483004C2C3D /* View.swift */ = {isa = PBXFileReference; lastKnownFileType = sourcecode.swift; path = View.swift; sourceTree = "<group>"; };
		CE7F22EF24BBE9C200B01557 /* SearchHistoryView.swift */ = {isa = PBXFileReference; lastKnownFileType = sourcecode.swift; path = SearchHistoryView.swift; sourceTree = "<group>"; };
		CE7F22F624BC82D900B01557 /* HistoryTableViewCell.swift */ = {isa = PBXFileReference; lastKnownFileType = sourcecode.swift; path = HistoryTableViewCell.swift; sourceTree = "<group>"; };
		CE7F22F724BC82D900B01557 /* HistoryTableViewCell.xib */ = {isa = PBXFileReference; lastKnownFileType = file.xib; path = HistoryTableViewCell.xib; sourceTree = "<group>"; };
		CE7F22FA24BC89E100B01557 /* HistoryDBManager.swift */ = {isa = PBXFileReference; lastKnownFileType = sourcecode.swift; path = HistoryDBManager.swift; sourceTree = "<group>"; };
		CE7F22FC24BC8C4700B01557 /* SearchHistoryModel.swift */ = {isa = PBXFileReference; lastKnownFileType = sourcecode.swift; path = SearchHistoryModel.swift; sourceTree = "<group>"; };
		CE7F22FE24BD346900B01557 /* SearchHistoryViewModel.swift */ = {isa = PBXFileReference; lastKnownFileType = sourcecode.swift; path = SearchHistoryViewModel.swift; sourceTree = "<group>"; };
		CE7F233024C1EE7B00B01557 /* SettingViewController.swift */ = {isa = PBXFileReference; lastKnownFileType = sourcecode.swift; path = SettingViewController.swift; sourceTree = "<group>"; };
		CE7F233224C2914000B01557 /* SettingViewModel.swift */ = {isa = PBXFileReference; lastKnownFileType = sourcecode.swift; path = SettingViewModel.swift; sourceTree = "<group>"; };
		CE7F233424C2942700B01557 /* SettingSwitchCell.swift */ = {isa = PBXFileReference; lastKnownFileType = sourcecode.swift; path = SettingSwitchCell.swift; sourceTree = "<group>"; };
		CE7F233524C2942700B01557 /* SettingSwitchCell.xib */ = {isa = PBXFileReference; lastKnownFileType = file.xib; path = SettingSwitchCell.xib; sourceTree = "<group>"; };
		CE7F233824C2B9D100B01557 /* SectionExposeInfo.swift */ = {isa = PBXFileReference; lastKnownFileType = sourcecode.swift; path = SectionExposeInfo.swift; sourceTree = "<group>"; };
		CE7F233A24C2BA5700B01557 /* SettingSwitchCellViewModel.swift */ = {isa = PBXFileReference; lastKnownFileType = sourcecode.swift; path = SettingSwitchCellViewModel.swift; sourceTree = "<group>"; };
		CE7F234B24C5724600B01557 /* DiskCache.swift */ = {isa = PBXFileReference; lastKnownFileType = sourcecode.swift; path = DiskCache.swift; sourceTree = "<group>"; };
		D6D1F309FABD74964A3012E5 /* Pods_ImageSearchTests.framework */ = {isa = PBXFileReference; explicitFileType = wrapper.framework; includeInIndex = 0; path = Pods_ImageSearchTests.framework; sourceTree = BUILT_PRODUCTS_DIR; };
		E6B02D9BC808E08553146A89 /* Pods-ImageSearch.release.xcconfig */ = {isa = PBXFileReference; includeInIndex = 1; lastKnownFileType = text.xcconfig; name = "Pods-ImageSearch.release.xcconfig"; path = "Target Support Files/Pods-ImageSearch/Pods-ImageSearch.release.xcconfig"; sourceTree = "<group>"; };
		ECCEE73038D1E011421977E0 /* Pods-ImageSearch.debug.xcconfig */ = {isa = PBXFileReference; includeInIndex = 1; lastKnownFileType = text.xcconfig; name = "Pods-ImageSearch.debug.xcconfig"; path = "Target Support Files/Pods-ImageSearch/Pods-ImageSearch.debug.xcconfig"; sourceTree = "<group>"; };
/* End PBXFileReference section */

/* Begin PBXFrameworksBuildPhase section */
		2500D0C224ACD40B006EE185 /* Frameworks */ = {
			isa = PBXFrameworksBuildPhase;
			buildActionMask = 2147483647;
			files = (
				DB941BB774557E3AC8777CF6 /* Pods_ImageSearch.framework in Frameworks */,
			);
			runOnlyForDeploymentPostprocessing = 0;
		};
		2500D0D824ACD40F006EE185 /* Frameworks */ = {
			isa = PBXFrameworksBuildPhase;
			buildActionMask = 2147483647;
			files = (
				3D7221406227279CF90F6A7C /* Pods_ImageSearchTests.framework in Frameworks */,
			);
			runOnlyForDeploymentPostprocessing = 0;
		};
		2500D0E324ACD40F006EE185 /* Frameworks */ = {
			isa = PBXFrameworksBuildPhase;
			buildActionMask = 2147483647;
			files = (
				987942B71C8EE053DBCE3FB7 /* Pods_ImageSearch_ImageSearchUITests.framework in Frameworks */,
			);
			runOnlyForDeploymentPostprocessing = 0;
		};
/* End PBXFrameworksBuildPhase section */

/* Begin PBXGroup section */
		2500D0BC24ACD40B006EE185 = {
			isa = PBXGroup;
			children = (
				2500D0C724ACD40B006EE185 /* ImageSearch */,
				2500D0DE24ACD40F006EE185 /* ImageSearchTests */,
				2500D0E924ACD40F006EE185 /* ImageSearchUITests */,
				2500D0C624ACD40B006EE185 /* Products */,
				EB1BD74786C6C437300CBEA0 /* Pods */,
				81ACE1C8933E3DBD89088926 /* Frameworks */,
			);
			sourceTree = "<group>";
		};
		2500D0C624ACD40B006EE185 /* Products */ = {
			isa = PBXGroup;
			children = (
				2500D0C524ACD40B006EE185 /* ImageSearch.app */,
				2500D0DB24ACD40F006EE185 /* ImageSearchTests.xctest */,
				2500D0E624ACD40F006EE185 /* ImageSearchUITests.xctest */,
			);
			name = Products;
			sourceTree = "<group>";
		};
		2500D0C724ACD40B006EE185 /* ImageSearch */ = {
			isa = PBXGroup;
			children = (
				25F9331F24B1F8370079D976 /* Librarys */,
				25F9332124B1F85B0079D976 /* Models */,
				25F9332024B1F8450079D976 /* ViewModels */,
				25F9331E24B1F80C0079D976 /* Views */,
				2500D0C824ACD40B006EE185 /* AppDelegate.swift */,
				2500D0CA24ACD40B006EE185 /* SceneDelegate.swift */,
				2500D0CE24ACD40B006EE185 /* Main.storyboard */,
				2500D0D124ACD40F006EE185 /* Assets.xcassets */,
				2500D0D324ACD40F006EE185 /* LaunchScreen.storyboard */,
				2500D0D624ACD40F006EE185 /* Info.plist */,
			);
			path = ImageSearch;
			sourceTree = "<group>";
		};
		2500D0DE24ACD40F006EE185 /* ImageSearchTests */ = {
			isa = PBXGroup;
			children = (
				2500D0DF24ACD40F006EE185 /* ImageSearchTests.swift */,
				2500D0E124ACD40F006EE185 /* Info.plist */,
			);
			path = ImageSearchTests;
			sourceTree = "<group>";
		};
		2500D0E924ACD40F006EE185 /* ImageSearchUITests */ = {
			isa = PBXGroup;
			children = (
				2500D0EA24ACD40F006EE185 /* ImageSearchUITests.swift */,
				2500D0EC24ACD40F006EE185 /* Info.plist */,
			);
			path = ImageSearchUITests;
			sourceTree = "<group>";
		};
		25F9331E24B1F80C0079D976 /* Views */ = {
			isa = PBXGroup;
			children = (
				CE70C01524B58483004C2C3D /* View.swift */,
				2500D0CC24ACD40B006EE185 /* SearchViewController.swift */,
				2500D0F824AD8144006EE185 /* ImageCollectionViewCell.swift */,
				2500D0F924AD8144006EE185 /* ImageCollectionViewCell.xib */,
				CE7F22EF24BBE9C200B01557 /* SearchHistoryView.swift */,
				CE7F22F624BC82D900B01557 /* HistoryTableViewCell.swift */,
				CE7F22F724BC82D900B01557 /* HistoryTableViewCell.xib */,
				CE7F233024C1EE7B00B01557 /* SettingViewController.swift */,
				CE7F233424C2942700B01557 /* SettingSwitchCell.swift */,
				CE7F233524C2942700B01557 /* SettingSwitchCell.xib */,
			);
			path = Views;
			sourceTree = "<group>";
		};
		25F9331F24B1F8370079D976 /* Librarys */ = {
			isa = PBXGroup;
			children = (
				25F9331A24B0C4370079D976 /* Dynamic.swift */,
				CE70C00F24B45D86004C2C3D /* Observer.swift */,
				CE7F22FA24BC89E100B01557 /* HistoryDBManager.swift */,
				25F9331C24B183E80079D976 /* WebImageDownloader.swift */,
				CE7F234B24C5724600B01557 /* DiskCache.swift */,
			);
			path = Librarys;
			sourceTree = "<group>";
		};
		25F9332024B1F8450079D976 /* ViewModels */ = {
			isa = PBXGroup;
			children = (
				CE70C01324B46706004C2C3D /* ViewModel.swift */,
				25F9331824AF3AC10079D976 /* SearchViewModel.swift */,
				CE7F22FE24BD346900B01557 /* SearchHistoryViewModel.swift */,
				CE7F233224C2914000B01557 /* SettingViewModel.swift */,
				CE7F233A24C2BA5700B01557 /* SettingSwitchCellViewModel.swift */,
			);
			path = ViewModels;
			sourceTree = "<group>";
		};
		25F9332124B1F85B0079D976 /* Models */ = {
			isa = PBXGroup;
			children = (
				2500D0FC24AD8306006EE185 /* SearchResult.swift */,
				CE7F22FC24BC8C4700B01557 /* SearchHistoryModel.swift */,
				CE7F233824C2B9D100B01557 /* SectionExposeInfo.swift */,
			);
			path = Models;
			sourceTree = "<group>";
		};
		81ACE1C8933E3DBD89088926 /* Frameworks */ = {
			isa = PBXGroup;
			children = (
				7C1D2DADCC1CE2970806078A /* Pods_ImageSearch.framework */,
				AD39050C3838E6CFA26133BD /* Pods_ImageSearch_ImageSearchUITests.framework */,
				D6D1F309FABD74964A3012E5 /* Pods_ImageSearchTests.framework */,
			);
			name = Frameworks;
			sourceTree = "<group>";
		};
		EB1BD74786C6C437300CBEA0 /* Pods */ = {
			isa = PBXGroup;
			children = (
				ECCEE73038D1E011421977E0 /* Pods-ImageSearch.debug.xcconfig */,
				E6B02D9BC808E08553146A89 /* Pods-ImageSearch.release.xcconfig */,
				558D5D224CA614366DC0FB69 /* Pods-ImageSearch-ImageSearchUITests.debug.xcconfig */,
				5DB326CE163291BF82E91B7B /* Pods-ImageSearch-ImageSearchUITests.release.xcconfig */,
				20AA3FBFCEE9E72B3FA198A6 /* Pods-ImageSearchTests.debug.xcconfig */,
				32B73C7DC47C8DEF39C9BC00 /* Pods-ImageSearchTests.release.xcconfig */,
			);
			path = Pods;
			sourceTree = "<group>";
		};
/* End PBXGroup section */

/* Begin PBXNativeTarget section */
		2500D0C424ACD40B006EE185 /* ImageSearch */ = {
			isa = PBXNativeTarget;
			buildConfigurationList = 2500D0EF24ACD40F006EE185 /* Build configuration list for PBXNativeTarget "ImageSearch" */;
			buildPhases = (
				813C5530289DAE42CAD602A1 /* [CP] Check Pods Manifest.lock */,
				2500D0C124ACD40B006EE185 /* Sources */,
				2500D0C224ACD40B006EE185 /* Frameworks */,
				2500D0C324ACD40B006EE185 /* Resources */,
				DF935C2715CC14C62A12FDC1 /* [CP] Embed Pods Frameworks */,
			);
			buildRules = (
			);
			dependencies = (
			);
			name = ImageSearch;
			productName = ImageSearch;
			productReference = 2500D0C524ACD40B006EE185 /* ImageSearch.app */;
			productType = "com.apple.product-type.application";
		};
		2500D0DA24ACD40F006EE185 /* ImageSearchTests */ = {
			isa = PBXNativeTarget;
			buildConfigurationList = 2500D0F224ACD40F006EE185 /* Build configuration list for PBXNativeTarget "ImageSearchTests" */;
			buildPhases = (
				3A1A5F33A407754D5908F608 /* [CP] Check Pods Manifest.lock */,
				2500D0D724ACD40F006EE185 /* Sources */,
				2500D0D824ACD40F006EE185 /* Frameworks */,
				2500D0D924ACD40F006EE185 /* Resources */,
			);
			buildRules = (
			);
			dependencies = (
				2500D0DD24ACD40F006EE185 /* PBXTargetDependency */,
			);
			name = ImageSearchTests;
			productName = ImageSearchTests;
			productReference = 2500D0DB24ACD40F006EE185 /* ImageSearchTests.xctest */;
			productType = "com.apple.product-type.bundle.unit-test";
		};
		2500D0E524ACD40F006EE185 /* ImageSearchUITests */ = {
			isa = PBXNativeTarget;
			buildConfigurationList = 2500D0F524ACD40F006EE185 /* Build configuration list for PBXNativeTarget "ImageSearchUITests" */;
			buildPhases = (
				87C291555E7A8DEDA527162E /* [CP] Check Pods Manifest.lock */,
				2500D0E224ACD40F006EE185 /* Sources */,
				2500D0E324ACD40F006EE185 /* Frameworks */,
				2500D0E424ACD40F006EE185 /* Resources */,
				B4601C81220313AB0BD96840 /* [CP] Embed Pods Frameworks */,
			);
			buildRules = (
			);
			dependencies = (
				2500D0E824ACD40F006EE185 /* PBXTargetDependency */,
			);
			name = ImageSearchUITests;
			productName = ImageSearchUITests;
			productReference = 2500D0E624ACD40F006EE185 /* ImageSearchUITests.xctest */;
			productType = "com.apple.product-type.bundle.ui-testing";
		};
/* End PBXNativeTarget section */

/* Begin PBXProject section */
		2500D0BD24ACD40B006EE185 /* Project object */ = {
			isa = PBXProject;
			attributes = {
				LastSwiftUpdateCheck = 1140;
				LastUpgradeCheck = 1140;
				ORGANIZATIONNAME = jeongminPark;
				TargetAttributes = {
					2500D0C424ACD40B006EE185 = {
						CreatedOnToolsVersion = 11.4.1;
					};
					2500D0DA24ACD40F006EE185 = {
						CreatedOnToolsVersion = 11.4.1;
						TestTargetID = 2500D0C424ACD40B006EE185;
					};
					2500D0E524ACD40F006EE185 = {
						CreatedOnToolsVersion = 11.4.1;
						TestTargetID = 2500D0C424ACD40B006EE185;
					};
				};
			};
			buildConfigurationList = 2500D0C024ACD40B006EE185 /* Build configuration list for PBXProject "ImageSearch" */;
			compatibilityVersion = "Xcode 9.3";
			developmentRegion = en;
			hasScannedForEncodings = 0;
			knownRegions = (
				en,
				Base,
			);
			mainGroup = 2500D0BC24ACD40B006EE185;
			productRefGroup = 2500D0C624ACD40B006EE185 /* Products */;
			projectDirPath = "";
			projectRoot = "";
			targets = (
				2500D0C424ACD40B006EE185 /* ImageSearch */,
				2500D0DA24ACD40F006EE185 /* ImageSearchTests */,
				2500D0E524ACD40F006EE185 /* ImageSearchUITests */,
			);
		};
/* End PBXProject section */

/* Begin PBXResourcesBuildPhase section */
		2500D0C324ACD40B006EE185 /* Resources */ = {
			isa = PBXResourcesBuildPhase;
			buildActionMask = 2147483647;
			files = (
				2500D0D524ACD40F006EE185 /* LaunchScreen.storyboard in Resources */,
				CE7F22F924BC82D900B01557 /* HistoryTableViewCell.xib in Resources */,
				2500D0D224ACD40F006EE185 /* Assets.xcassets in Resources */,
				2500D0FB24AD8144006EE185 /* ImageCollectionViewCell.xib in Resources */,
				CE7F233724C2942700B01557 /* SettingSwitchCell.xib in Resources */,
				2500D0D024ACD40B006EE185 /* Main.storyboard in Resources */,
			);
			runOnlyForDeploymentPostprocessing = 0;
		};
		2500D0D924ACD40F006EE185 /* Resources */ = {
			isa = PBXResourcesBuildPhase;
			buildActionMask = 2147483647;
			files = (
			);
			runOnlyForDeploymentPostprocessing = 0;
		};
		2500D0E424ACD40F006EE185 /* Resources */ = {
			isa = PBXResourcesBuildPhase;
			buildActionMask = 2147483647;
			files = (
			);
			runOnlyForDeploymentPostprocessing = 0;
		};
/* End PBXResourcesBuildPhase section */

/* Begin PBXShellScriptBuildPhase section */
		3A1A5F33A407754D5908F608 /* [CP] Check Pods Manifest.lock */ = {
			isa = PBXShellScriptBuildPhase;
			buildActionMask = 2147483647;
			files = (
			);
			inputFileListPaths = (
			);
			inputPaths = (
				"${PODS_PODFILE_DIR_PATH}/Podfile.lock",
				"${PODS_ROOT}/Manifest.lock",
			);
			name = "[CP] Check Pods Manifest.lock";
			outputFileListPaths = (
			);
			outputPaths = (
				"$(DERIVED_FILE_DIR)/Pods-ImageSearchTests-checkManifestLockResult.txt",
			);
			runOnlyForDeploymentPostprocessing = 0;
			shellPath = /bin/sh;
			shellScript = "diff \"${PODS_PODFILE_DIR_PATH}/Podfile.lock\" \"${PODS_ROOT}/Manifest.lock\" > /dev/null\nif [ $? != 0 ] ; then\n    # print error to STDERR\n    echo \"error: The sandbox is not in sync with the Podfile.lock. Run 'pod install' or update your CocoaPods installation.\" >&2\n    exit 1\nfi\n# This output is used by Xcode 'outputs' to avoid re-running this script phase.\necho \"SUCCESS\" > \"${SCRIPT_OUTPUT_FILE_0}\"\n";
			showEnvVarsInLog = 0;
		};
		813C5530289DAE42CAD602A1 /* [CP] Check Pods Manifest.lock */ = {
			isa = PBXShellScriptBuildPhase;
			buildActionMask = 2147483647;
			files = (
			);
			inputFileListPaths = (
			);
			inputPaths = (
				"${PODS_PODFILE_DIR_PATH}/Podfile.lock",
				"${PODS_ROOT}/Manifest.lock",
			);
			name = "[CP] Check Pods Manifest.lock";
			outputFileListPaths = (
			);
			outputPaths = (
				"$(DERIVED_FILE_DIR)/Pods-ImageSearch-checkManifestLockResult.txt",
			);
			runOnlyForDeploymentPostprocessing = 0;
			shellPath = /bin/sh;
			shellScript = "diff \"${PODS_PODFILE_DIR_PATH}/Podfile.lock\" \"${PODS_ROOT}/Manifest.lock\" > /dev/null\nif [ $? != 0 ] ; then\n    # print error to STDERR\n    echo \"error: The sandbox is not in sync with the Podfile.lock. Run 'pod install' or update your CocoaPods installation.\" >&2\n    exit 1\nfi\n# This output is used by Xcode 'outputs' to avoid re-running this script phase.\necho \"SUCCESS\" > \"${SCRIPT_OUTPUT_FILE_0}\"\n";
			showEnvVarsInLog = 0;
		};
		87C291555E7A8DEDA527162E /* [CP] Check Pods Manifest.lock */ = {
			isa = PBXShellScriptBuildPhase;
			buildActionMask = 2147483647;
			files = (
			);
			inputFileListPaths = (
			);
			inputPaths = (
				"${PODS_PODFILE_DIR_PATH}/Podfile.lock",
				"${PODS_ROOT}/Manifest.lock",
			);
			name = "[CP] Check Pods Manifest.lock";
			outputFileListPaths = (
			);
			outputPaths = (
				"$(DERIVED_FILE_DIR)/Pods-ImageSearch-ImageSearchUITests-checkManifestLockResult.txt",
			);
			runOnlyForDeploymentPostprocessing = 0;
			shellPath = /bin/sh;
			shellScript = "diff \"${PODS_PODFILE_DIR_PATH}/Podfile.lock\" \"${PODS_ROOT}/Manifest.lock\" > /dev/null\nif [ $? != 0 ] ; then\n    # print error to STDERR\n    echo \"error: The sandbox is not in sync with the Podfile.lock. Run 'pod install' or update your CocoaPods installation.\" >&2\n    exit 1\nfi\n# This output is used by Xcode 'outputs' to avoid re-running this script phase.\necho \"SUCCESS\" > \"${SCRIPT_OUTPUT_FILE_0}\"\n";
			showEnvVarsInLog = 0;
		};
		B4601C81220313AB0BD96840 /* [CP] Embed Pods Frameworks */ = {
			isa = PBXShellScriptBuildPhase;
			buildActionMask = 2147483647;
			files = (
			);
			inputFileListPaths = (
				"${PODS_ROOT}/Target Support Files/Pods-ImageSearch-ImageSearchUITests/Pods-ImageSearch-ImageSearchUITests-frameworks-${CONFIGURATION}-input-files.xcfilelist",
			);
			name = "[CP] Embed Pods Frameworks";
			outputFileListPaths = (
				"${PODS_ROOT}/Target Support Files/Pods-ImageSearch-ImageSearchUITests/Pods-ImageSearch-ImageSearchUITests-frameworks-${CONFIGURATION}-output-files.xcfilelist",
			);
			runOnlyForDeploymentPostprocessing = 0;
			shellPath = /bin/sh;
			shellScript = "\"${PODS_ROOT}/Target Support Files/Pods-ImageSearch-ImageSearchUITests/Pods-ImageSearch-ImageSearchUITests-frameworks.sh\"\n";
			showEnvVarsInLog = 0;
		};
		DF935C2715CC14C62A12FDC1 /* [CP] Embed Pods Frameworks */ = {
			isa = PBXShellScriptBuildPhase;
			buildActionMask = 2147483647;
			files = (
			);
			inputFileListPaths = (
				"${PODS_ROOT}/Target Support Files/Pods-ImageSearch/Pods-ImageSearch-frameworks-${CONFIGURATION}-input-files.xcfilelist",
			);
			name = "[CP] Embed Pods Frameworks";
			outputFileListPaths = (
				"${PODS_ROOT}/Target Support Files/Pods-ImageSearch/Pods-ImageSearch-frameworks-${CONFIGURATION}-output-files.xcfilelist",
			);
			runOnlyForDeploymentPostprocessing = 0;
			shellPath = /bin/sh;
			shellScript = "\"${PODS_ROOT}/Target Support Files/Pods-ImageSearch/Pods-ImageSearch-frameworks.sh\"\n";
			showEnvVarsInLog = 0;
		};
/* End PBXShellScriptBuildPhase section */

/* Begin PBXSourcesBuildPhase section */
		2500D0C124ACD40B006EE185 /* Sources */ = {
			isa = PBXSourcesBuildPhase;
			buildActionMask = 2147483647;
			files = (
				CE70C01424B46706004C2C3D /* ViewModel.swift in Sources */,
				25F9331924AF3AC10079D976 /* SearchViewModel.swift in Sources */,
				CE7F22F824BC82D900B01557 /* HistoryTableViewCell.swift in Sources */,
				CE70C01024B45D86004C2C3D /* Observer.swift in Sources */,
				2500D0CD24ACD40B006EE185 /* SearchViewController.swift in Sources */,
				CE7F233124C1EE7C00B01557 /* SettingViewController.swift in Sources */,
				2500D0C924ACD40B006EE185 /* AppDelegate.swift in Sources */,
				CE7F233924C2B9D200B01557 /* SectionExposeInfo.swift in Sources */,
				CE7F233324C2914000B01557 /* SettingViewModel.swift in Sources */,
				CE7F22F024BBE9C200B01557 /* SearchHistoryView.swift in Sources */,
				25F9331D24B183E80079D976 /* WebImageDownloader.swift in Sources */,
				25F9331B24B0C4370079D976 /* Dynamic.swift in Sources */,
				2500D0FA24AD8144006EE185 /* ImageCollectionViewCell.swift in Sources */,
				CE7F233B24C2BA5700B01557 /* SettingSwitchCellViewModel.swift in Sources */,
				CE7F22FB24BC89E100B01557 /* HistoryDBManager.swift in Sources */,
				CE7F22FF24BD346900B01557 /* SearchHistoryViewModel.swift in Sources */,
				CE7F22FD24BC8C4700B01557 /* SearchHistoryModel.swift in Sources */,
				2500D0FD24AD8306006EE185 /* SearchResult.swift in Sources */,
				CE70C01624B58483004C2C3D /* View.swift in Sources */,
				CE7F234C24C5724600B01557 /* DiskCache.swift in Sources */,
				CE7F233624C2942700B01557 /* SettingSwitchCell.swift in Sources */,
				2500D0CB24ACD40B006EE185 /* SceneDelegate.swift in Sources */,
			);
			runOnlyForDeploymentPostprocessing = 0;
		};
		2500D0D724ACD40F006EE185 /* Sources */ = {
			isa = PBXSourcesBuildPhase;
			buildActionMask = 2147483647;
			files = (
				2500D0E024ACD40F006EE185 /* ImageSearchTests.swift in Sources */,
			);
			runOnlyForDeploymentPostprocessing = 0;
		};
		2500D0E224ACD40F006EE185 /* Sources */ = {
			isa = PBXSourcesBuildPhase;
			buildActionMask = 2147483647;
			files = (
				2500D0EB24ACD40F006EE185 /* ImageSearchUITests.swift in Sources */,
			);
			runOnlyForDeploymentPostprocessing = 0;
		};
/* End PBXSourcesBuildPhase section */

/* Begin PBXTargetDependency section */
		2500D0DD24ACD40F006EE185 /* PBXTargetDependency */ = {
			isa = PBXTargetDependency;
			target = 2500D0C424ACD40B006EE185 /* ImageSearch */;
			targetProxy = 2500D0DC24ACD40F006EE185 /* PBXContainerItemProxy */;
		};
		2500D0E824ACD40F006EE185 /* PBXTargetDependency */ = {
			isa = PBXTargetDependency;
			target = 2500D0C424ACD40B006EE185 /* ImageSearch */;
			targetProxy = 2500D0E724ACD40F006EE185 /* PBXContainerItemProxy */;
		};
/* End PBXTargetDependency section */

/* Begin PBXVariantGroup section */
		2500D0CE24ACD40B006EE185 /* Main.storyboard */ = {
			isa = PBXVariantGroup;
			children = (
				2500D0CF24ACD40B006EE185 /* Base */,
			);
			name = Main.storyboard;
			sourceTree = "<group>";
		};
		2500D0D324ACD40F006EE185 /* LaunchScreen.storyboard */ = {
			isa = PBXVariantGroup;
			children = (
				2500D0D424ACD40F006EE185 /* Base */,
			);
			name = LaunchScreen.storyboard;
			sourceTree = "<group>";
		};
/* End PBXVariantGroup section */

/* Begin XCBuildConfiguration section */
		2500D0ED24ACD40F006EE185 /* Debug */ = {
			isa = XCBuildConfiguration;
			buildSettings = {
				ALWAYS_SEARCH_USER_PATHS = NO;
				CLANG_ANALYZER_NONNULL = YES;
				CLANG_ANALYZER_NUMBER_OBJECT_CONVERSION = YES_AGGRESSIVE;
				CLANG_CXX_LANGUAGE_STANDARD = "gnu++14";
				CLANG_CXX_LIBRARY = "libc++";
				CLANG_ENABLE_MODULES = YES;
				CLANG_ENABLE_OBJC_ARC = YES;
				CLANG_ENABLE_OBJC_WEAK = YES;
				CLANG_WARN_BLOCK_CAPTURE_AUTORELEASING = YES;
				CLANG_WARN_BOOL_CONVERSION = YES;
				CLANG_WARN_COMMA = YES;
				CLANG_WARN_CONSTANT_CONVERSION = YES;
				CLANG_WARN_DEPRECATED_OBJC_IMPLEMENTATIONS = YES;
				CLANG_WARN_DIRECT_OBJC_ISA_USAGE = YES_ERROR;
				CLANG_WARN_DOCUMENTATION_COMMENTS = YES;
				CLANG_WARN_EMPTY_BODY = YES;
				CLANG_WARN_ENUM_CONVERSION = YES;
				CLANG_WARN_INFINITE_RECURSION = YES;
				CLANG_WARN_INT_CONVERSION = YES;
				CLANG_WARN_NON_LITERAL_NULL_CONVERSION = YES;
				CLANG_WARN_OBJC_IMPLICIT_RETAIN_SELF = YES;
				CLANG_WARN_OBJC_LITERAL_CONVERSION = YES;
				CLANG_WARN_OBJC_ROOT_CLASS = YES_ERROR;
				CLANG_WARN_RANGE_LOOP_ANALYSIS = YES;
				CLANG_WARN_STRICT_PROTOTYPES = YES;
				CLANG_WARN_SUSPICIOUS_MOVE = YES;
				CLANG_WARN_UNGUARDED_AVAILABILITY = YES_AGGRESSIVE;
				CLANG_WARN_UNREACHABLE_CODE = YES;
				CLANG_WARN__DUPLICATE_METHOD_MATCH = YES;
				COPY_PHASE_STRIP = NO;
				DEBUG_INFORMATION_FORMAT = dwarf;
				ENABLE_STRICT_OBJC_MSGSEND = YES;
				ENABLE_TESTABILITY = YES;
				GCC_C_LANGUAGE_STANDARD = gnu11;
				GCC_DYNAMIC_NO_PIC = NO;
				GCC_NO_COMMON_BLOCKS = YES;
				GCC_OPTIMIZATION_LEVEL = 0;
				GCC_PREPROCESSOR_DEFINITIONS = (
					"DEBUG=1",
					"$(inherited)",
				);
				GCC_WARN_64_TO_32_BIT_CONVERSION = YES;
				GCC_WARN_ABOUT_RETURN_TYPE = YES_ERROR;
				GCC_WARN_UNDECLARED_SELECTOR = YES;
				GCC_WARN_UNINITIALIZED_AUTOS = YES_AGGRESSIVE;
				GCC_WARN_UNUSED_FUNCTION = YES;
				GCC_WARN_UNUSED_VARIABLE = YES;
				IPHONEOS_DEPLOYMENT_TARGET = 13.4;
				MTL_ENABLE_DEBUG_INFO = INCLUDE_SOURCE;
				MTL_FAST_MATH = YES;
				ONLY_ACTIVE_ARCH = YES;
				SDKROOT = iphoneos;
				SWIFT_ACTIVE_COMPILATION_CONDITIONS = DEBUG;
				SWIFT_OPTIMIZATION_LEVEL = "-Onone";
			};
			name = Debug;
		};
		2500D0EE24ACD40F006EE185 /* Release */ = {
			isa = XCBuildConfiguration;
			buildSettings = {
				ALWAYS_SEARCH_USER_PATHS = NO;
				CLANG_ANALYZER_NONNULL = YES;
				CLANG_ANALYZER_NUMBER_OBJECT_CONVERSION = YES_AGGRESSIVE;
				CLANG_CXX_LANGUAGE_STANDARD = "gnu++14";
				CLANG_CXX_LIBRARY = "libc++";
				CLANG_ENABLE_MODULES = YES;
				CLANG_ENABLE_OBJC_ARC = YES;
				CLANG_ENABLE_OBJC_WEAK = YES;
				CLANG_WARN_BLOCK_CAPTURE_AUTORELEASING = YES;
				CLANG_WARN_BOOL_CONVERSION = YES;
				CLANG_WARN_COMMA = YES;
				CLANG_WARN_CONSTANT_CONVERSION = YES;
				CLANG_WARN_DEPRECATED_OBJC_IMPLEMENTATIONS = YES;
				CLANG_WARN_DIRECT_OBJC_ISA_USAGE = YES_ERROR;
				CLANG_WARN_DOCUMENTATION_COMMENTS = YES;
				CLANG_WARN_EMPTY_BODY = YES;
				CLANG_WARN_ENUM_CONVERSION = YES;
				CLANG_WARN_INFINITE_RECURSION = YES;
				CLANG_WARN_INT_CONVERSION = YES;
				CLANG_WARN_NON_LITERAL_NULL_CONVERSION = YES;
				CLANG_WARN_OBJC_IMPLICIT_RETAIN_SELF = YES;
				CLANG_WARN_OBJC_LITERAL_CONVERSION = YES;
				CLANG_WARN_OBJC_ROOT_CLASS = YES_ERROR;
				CLANG_WARN_RANGE_LOOP_ANALYSIS = YES;
				CLANG_WARN_STRICT_PROTOTYPES = YES;
				CLANG_WARN_SUSPICIOUS_MOVE = YES;
				CLANG_WARN_UNGUARDED_AVAILABILITY = YES_AGGRESSIVE;
				CLANG_WARN_UNREACHABLE_CODE = YES;
				CLANG_WARN__DUPLICATE_METHOD_MATCH = YES;
				COPY_PHASE_STRIP = NO;
				DEBUG_INFORMATION_FORMAT = "dwarf-with-dsym";
				ENABLE_NS_ASSERTIONS = NO;
				ENABLE_STRICT_OBJC_MSGSEND = YES;
				GCC_C_LANGUAGE_STANDARD = gnu11;
				GCC_NO_COMMON_BLOCKS = YES;
				GCC_WARN_64_TO_32_BIT_CONVERSION = YES;
				GCC_WARN_ABOUT_RETURN_TYPE = YES_ERROR;
				GCC_WARN_UNDECLARED_SELECTOR = YES;
				GCC_WARN_UNINITIALIZED_AUTOS = YES_AGGRESSIVE;
				GCC_WARN_UNUSED_FUNCTION = YES;
				GCC_WARN_UNUSED_VARIABLE = YES;
				IPHONEOS_DEPLOYMENT_TARGET = 13.4;
				MTL_ENABLE_DEBUG_INFO = NO;
				MTL_FAST_MATH = YES;
				SDKROOT = iphoneos;
				SWIFT_COMPILATION_MODE = wholemodule;
				SWIFT_OPTIMIZATION_LEVEL = "-O";
				VALIDATE_PRODUCT = YES;
			};
			name = Release;
		};
		2500D0F024ACD40F006EE185 /* Debug */ = {
			isa = XCBuildConfiguration;
			baseConfigurationReference = ECCEE73038D1E011421977E0 /* Pods-ImageSearch.debug.xcconfig */;
			buildSettings = {
				ASSETCATALOG_COMPILER_APPICON_NAME = AppIcon;
				CODE_SIGN_STYLE = Automatic;
				DEVELOPMENT_TEAM = 3SQM9YZ54A;
				INFOPLIST_FILE = ImageSearch/Info.plist;
				IPHONEOS_DEPLOYMENT_TARGET = 11.0;
				LD_RUNPATH_SEARCH_PATHS = (
					"$(inherited)",
					"@executable_path/Frameworks",
				);
				PRODUCT_BUNDLE_IDENTIFIER = com.jeongminPark.ImageSearch;
				PRODUCT_NAME = "$(TARGET_NAME)";
				SWIFT_VERSION = 5.0;
				TARGETED_DEVICE_FAMILY = "1,2";
			};
			name = Debug;
		};
		2500D0F124ACD40F006EE185 /* Release */ = {
			isa = XCBuildConfiguration;
			baseConfigurationReference = E6B02D9BC808E08553146A89 /* Pods-ImageSearch.release.xcconfig */;
			buildSettings = {
				ASSETCATALOG_COMPILER_APPICON_NAME = AppIcon;
				CODE_SIGN_STYLE = Automatic;
				DEVELOPMENT_TEAM = 3SQM9YZ54A;
				INFOPLIST_FILE = ImageSearch/Info.plist;
				IPHONEOS_DEPLOYMENT_TARGET = 11.0;
				LD_RUNPATH_SEARCH_PATHS = (
					"$(inherited)",
					"@executable_path/Frameworks",
				);
				PRODUCT_BUNDLE_IDENTIFIER = com.jeongminPark.ImageSearch;
				PRODUCT_NAME = "$(TARGET_NAME)";
				SWIFT_VERSION = 5.0;
				TARGETED_DEVICE_FAMILY = "1,2";
			};
			name = Release;
		};
		2500D0F324ACD40F006EE185 /* Debug */ = {
			isa = XCBuildConfiguration;
			baseConfigurationReference = 20AA3FBFCEE9E72B3FA198A6 /* Pods-ImageSearchTests.debug.xcconfig */;
			buildSettings = {
				ALWAYS_EMBED_SWIFT_STANDARD_LIBRARIES = YES;
				BUNDLE_LOADER = "$(TEST_HOST)";
				CODE_SIGN_STYLE = Automatic;
				DEVELOPMENT_TEAM = 3SQM9YZ54A;
				INFOPLIST_FILE = ImageSearchTests/Info.plist;
				IPHONEOS_DEPLOYMENT_TARGET = 13.4;
				LD_RUNPATH_SEARCH_PATHS = (
					"$(inherited)",
					"@executable_path/Frameworks",
					"@loader_path/Frameworks",
				);
				PRODUCT_BUNDLE_IDENTIFIER = com.jeongminPark.ImageSearchTests;
				PRODUCT_NAME = "$(TARGET_NAME)";
				SWIFT_VERSION = 5.0;
				TARGETED_DEVICE_FAMILY = "1,2";
				TEST_HOST = "$(BUILT_PRODUCTS_DIR)/ImageSearch.app/ImageSearch";
			};
			name = Debug;
		};
		2500D0F424ACD40F006EE185 /* Release */ = {
			isa = XCBuildConfiguration;
			baseConfigurationReference = 32B73C7DC47C8DEF39C9BC00 /* Pods-ImageSearchTests.release.xcconfig */;
			buildSettings = {
				ALWAYS_EMBED_SWIFT_STANDARD_LIBRARIES = YES;
				BUNDLE_LOADER = "$(TEST_HOST)";
				CODE_SIGN_STYLE = Automatic;
				DEVELOPMENT_TEAM = 3SQM9YZ54A;
				INFOPLIST_FILE = ImageSearchTests/Info.plist;
				IPHONEOS_DEPLOYMENT_TARGET = 13.4;
				LD_RUNPATH_SEARCH_PATHS = (
					"$(inherited)",
					"@executable_path/Frameworks",
					"@loader_path/Frameworks",
				);
				PRODUCT_BUNDLE_IDENTIFIER = com.jeongminPark.ImageSearchTests;
				PRODUCT_NAME = "$(TARGET_NAME)";
				SWIFT_VERSION = 5.0;
				TARGETED_DEVICE_FAMILY = "1,2";
				TEST_HOST = "$(BUILT_PRODUCTS_DIR)/ImageSearch.app/ImageSearch";
			};
			name = Release;
		};
		2500D0F624ACD40F006EE185 /* Debug */ = {
			isa = XCBuildConfiguration;
			baseConfigurationReference = 558D5D224CA614366DC0FB69 /* Pods-ImageSearch-ImageSearchUITests.debug.xcconfig */;
			buildSettings = {
				ALWAYS_EMBED_SWIFT_STANDARD_LIBRARIES = YES;
				CODE_SIGN_STYLE = Automatic;
				DEVELOPMENT_TEAM = 3SQM9YZ54A;
				INFOPLIST_FILE = ImageSearchUITests/Info.plist;
				LD_RUNPATH_SEARCH_PATHS = (
					"$(inherited)",
					"@executable_path/Frameworks",
					"@loader_path/Frameworks",
				);
				PRODUCT_BUNDLE_IDENTIFIER = com.jeongminPark.ImageSearchUITests;
				PRODUCT_NAME = "$(TARGET_NAME)";
				SWIFT_VERSION = 5.0;
				TARGETED_DEVICE_FAMILY = "1,2";
				TEST_TARGET_NAME = ImageSearch;
			};
			name = Debug;
		};
		2500D0F724ACD40F006EE185 /* Release */ = {
			isa = XCBuildConfiguration;
			baseConfigurationReference = 5DB326CE163291BF82E91B7B /* Pods-ImageSearch-ImageSearchUITests.release.xcconfig */;
			buildSettings = {
				ALWAYS_EMBED_SWIFT_STANDARD_LIBRARIES = YES;
				CODE_SIGN_STYLE = Automatic;
				DEVELOPMENT_TEAM = 3SQM9YZ54A;
				INFOPLIST_FILE = ImageSearchUITests/Info.plist;
				LD_RUNPATH_SEARCH_PATHS = (
					"$(inherited)",
					"@executable_path/Frameworks",
					"@loader_path/Frameworks",
				);
				PRODUCT_BUNDLE_IDENTIFIER = com.jeongminPark.ImageSearchUITests;
				PRODUCT_NAME = "$(TARGET_NAME)";
				SWIFT_VERSION = 5.0;
				TARGETED_DEVICE_FAMILY = "1,2";
				TEST_TARGET_NAME = ImageSearch;
			};
			name = Release;
		};
/* End XCBuildConfiguration section */

/* Begin XCConfigurationList section */
		2500D0C024ACD40B006EE185 /* Build configuration list for PBXProject "ImageSearch" */ = {
			isa = XCConfigurationList;
			buildConfigurations = (
				2500D0ED24ACD40F006EE185 /* Debug */,
				2500D0EE24ACD40F006EE185 /* Release */,
			);
			defaultConfigurationIsVisible = 0;
			defaultConfigurationName = Release;
		};
		2500D0EF24ACD40F006EE185 /* Build configuration list for PBXNativeTarget "ImageSearch" */ = {
			isa = XCConfigurationList;
			buildConfigurations = (
				2500D0F024ACD40F006EE185 /* Debug */,
				2500D0F124ACD40F006EE185 /* Release */,
			);
			defaultConfigurationIsVisible = 0;
			defaultConfigurationName = Release;
		};
		2500D0F224ACD40F006EE185 /* Build configuration list for PBXNativeTarget "ImageSearchTests" */ = {
			isa = XCConfigurationList;
			buildConfigurations = (
				2500D0F324ACD40F006EE185 /* Debug */,
				2500D0F424ACD40F006EE185 /* Release */,
			);
			defaultConfigurationIsVisible = 0;
			defaultConfigurationName = Release;
		};
		2500D0F524ACD40F006EE185 /* Build configuration list for PBXNativeTarget "ImageSearchUITests" */ = {
			isa = XCConfigurationList;
			buildConfigurations = (
				2500D0F624ACD40F006EE185 /* Debug */,
				2500D0F724ACD40F006EE185 /* Release */,
			);
			defaultConfigurationIsVisible = 0;
			defaultConfigurationName = Release;
		};
/* End XCConfigurationList section */
	};
	rootObject = 2500D0BD24ACD40B006EE185 /* Project object */;
}
